
Microsoft Visual Studio Solution File, Format Version 12.00
# Visual Studio Version 17
VisualStudioVersion = 17.0.31903.59
MinimumVisualStudioVersion = 10.0.40219.1
Project("{FAE04EC0-301F-11D3-BF4B-00C04F79EFBC}") = "ProductManagement.API", "ProductManagement.API\ProductManagement.API.csproj", "{97A828E2-7B3D-4CFD-BE88-69D813611B6A}"
EndProject
Project("{FAE04EC0-301F-11D3-BF4B-00C04F79EFBC}") = "ProductManagement.Application", "ProductManagement.Application\ProductManagement.Application.csproj", "{DF9B59A1-08CA-4D2C-A647-D35CD1D948D1}"
EndProject
Project("{FAE04EC0-301F-11D3-BF4B-00C04F79EFBC}") = "ProductManagement.Domain", "ProductManagement.Domain\ProductManagement.Domain.csproj", "{55597E51-2B96-4532-8DA8-B4696F7FDCAE}"
EndProject
Project("{FAE04EC0-301F-11D3-BF4B-00C04F79EFBC}") = "ProductManagement.Infrastructure", "ProductManagement.Infrastructure\ProductManagement.Infrastructure.csproj", "{CF45830C-AD2E-44DC-B762-DC9374B4B4EA}"
EndProject
Global
	GlobalSection(SolutionConfigurationPlatforms) = preSolution
		Debug|Any CPU = Debug|Any CPU
		Release|Any CPU = Release|Any CPU
	EndGlobalSection
	GlobalSection(SolutionProperties) = preSolution
		HideSolutionNode = FALSE
	EndGlobalSection
	GlobalSection(ProjectConfigurationPlatforms) = postSolution
		{97A828E2-7B3D-4CFD-BE88-69D813611B6A}.Debug|Any CPU.ActiveCfg = Debug|Any CPU
		{97A828E2-7B3D-4CFD-BE88-69D813611B6A}.Debug|Any CPU.Build.0 = Debug|Any CPU
		{97A828E2-7B3D-4CFD-BE88-69D813611B6A}.Release|Any CPU.ActiveCfg = Release|Any CPU
		{97A828E2-7B3D-4CFD-BE88-69D813611B6A}.Release|Any CPU.Build.0 = Release|Any CPU
		{DF9B59A1-08CA-4D2C-A647-D35CD1D948D1}.Debug|Any CPU.ActiveCfg = Debug|Any CPU
		{DF9B59A1-08CA-4D2C-A647-D35CD1D948D1}.Debug|Any CPU.Build.0 = Debug|Any CPU
		{DF9B59A1-08CA-4D2C-A647-D35CD1D948D1}.Release|Any CPU.ActiveCfg = Release|Any CPU
		{DF9B59A1-08CA-4D2C-A647-D35CD1D948D1}.Release|Any CPU.Build.0 = Release|Any CPU
		{55597E51-2B96-4532-8DA8-B4696F7FDCAE}.Debug|Any CPU.ActiveCfg = Debug|Any CPU
		{55597E51-2B96-4532-8DA8-B4696F7FDCAE}.Debug|Any CPU.Build.0 = Debug|Any CPU
		{55597E51-2B96-4532-8DA8-B4696F7FDCAE}.Release|Any CPU.ActiveCfg = Release|Any CPU
		{55597E51-2B96-4532-8DA8-B4696F7FDCAE}.Release|Any CPU.Build.0 = Release|Any CPU
		{CF45830C-AD2E-44DC-B762-DC9374B4B4EA}.Debug|Any CPU.ActiveCfg = Debug|Any CPU
		{CF45830C-AD2E-44DC-B762-DC9374B4B4EA}.Debug|Any CPU.Build.0 = Debug|Any CPU
		{CF45830C-AD2E-44DC-B762-DC9374B4B4EA}.Release|Any CPU.ActiveCfg = Release|Any CPU
		{CF45830C-AD2E-44DC-B762-DC9374B4B4EA}.Release|Any CPU.Build.0 = Release|Any CPU
	EndGlobalSection
EndGlobal
